
Microsoft Visual Studio Solution File, Format Version 12.00
# Visual Studio Version 17
VisualStudioVersion = 17.4.33213.308
MinimumVisualStudioVersion = 10.0.40219.1
Project("{FAE04EC0-301F-11D3-BF4B-00C04F79EFBC}") = "PersonalizarTextBox", "PersonalizarTextBox\PersonalizarTextBox.csproj", "{B42F8459-6D72-4D89-AE0B-CF6A79DA8CE8}"
EndProject
Project("{FAE04EC0-301F-11D3-BF4B-00C04F79EFBC}") = "PruebaTextBox", "PruebaTextBox\PruebaTextBox.csproj", "{EA5809AC-0EB6-432D-AA87-9CBDDE0B016B}"
EndProject
Global
	GlobalSection(SolutionConfigurationPlatforms) = preSolution
		Debug|Any CPU = Debug|Any CPU
		Release|Any CPU = Release|Any CPU
	EndGlobalSection
	GlobalSection(ProjectConfigurationPlatforms) = postSolution
		{B42F8459-6D72-4D89-AE0B-CF6A79DA8CE8}.Debug|Any CPU.ActiveCfg = Debug|Any CPU
		{B42F8459-6D72-4D89-AE0B-CF6A79DA8CE8}.Debug|Any CPU.Build.0 = Debug|Any CPU
		{B42F8459-6D72-4D89-AE0B-CF6A79DA8CE8}.Release|Any CPU.ActiveCfg = Release|Any CPU
		{B42F8459-6D72-4D89-AE0B-CF6A79DA8CE8}.Release|Any CPU.Build.0 = Release|Any CPU
		{EA5809AC-0EB6-432D-AA87-9CBDDE0B016B}.Debug|Any CPU.ActiveCfg = Debug|Any CPU
		{EA5809AC-0EB6-432D-AA87-9CBDDE0B016B}.Debug|Any CPU.Build.0 = Debug|Any CPU
		{EA5809AC-0EB6-432D-AA87-9CBDDE0B016B}.Release|Any CPU.ActiveCfg = Release|Any CPU
		{EA5809AC-0EB6-432D-AA87-9CBDDE0B016B}.Release|Any CPU.Build.0 = Release|Any CPU
	EndGlobalSection
	GlobalSection(SolutionProperties) = preSolution
		HideSolutionNode = FALSE
	EndGlobalSection
	GlobalSection(ExtensibilityGlobals) = postSolution
		SolutionGuid = {2EE36ABE-6B08-42EA-ADD0-6F22612C9054}
	EndGlobalSection
EndGlobal
